// !$*UTF8*$!
{
	archiveVersion = 1;
	classes = {
	};
	objectVersion = 56;
	objects = {

/* Begin PBXBuildFile section */
		B80B812C28DA066D00110AA1 /* DbConnection.swift in Sources */ = {isa = PBXBuildFile; fileRef = B80B812B28DA066D00110AA1 /* DbConnection.swift */; };
		B80B812E28DA340C00110AA1 /* FriendsScreen.swift in Sources */ = {isa = PBXBuildFile; fileRef = B80B812D28DA340B00110AA1 /* FriendsScreen.swift */; };
		B80B813228DBB46C00110AA1 /* SearchFriendScreen.swift in Sources */ = {isa = PBXBuildFile; fileRef = B80B813128DBB46C00110AA1 /* SearchFriendScreen.swift */; };
		B853969328DC6309000177DA /* YourFriendsScreen.swift in Sources */ = {isa = PBXBuildFile; fileRef = B853969228DC6309000177DA /* YourFriendsScreen.swift */; };
		B853969728DC6677000177DA /* SwitchAccScreen.swift in Sources */ = {isa = PBXBuildFile; fileRef = B853969628DC6677000177DA /* SwitchAccScreen.swift */; };
		B853969928DDE154000177DA /* AccHomeScreen.swift in Sources */ = {isa = PBXBuildFile; fileRef = B853969828DDE154000177DA /* AccHomeScreen.swift */; };
		B853969B28DDEAED000177DA /* AccSettingsScreen.swift in Sources */ = {isa = PBXBuildFile; fileRef = B853969A28DDEAED000177DA /* AccSettingsScreen.swift */; };
		B853969F28DE1FEE000177DA /* NetworkMonitor.swift in Sources */ = {isa = PBXBuildFile; fileRef = B853969E28DE1FEE000177DA /* NetworkMonitor.swift */; };
		B85396A128DE2827000177DA /* NoConnectionScreen.swift in Sources */ = {isa = PBXBuildFile; fileRef = B85396A028DE2827000177DA /* NoConnectionScreen.swift */; };
		B85E63AB28DF824A00A7CDF6 /* ProfileScreen.swift in Sources */ = {isa = PBXBuildFile; fileRef = B85E63AA28DF824A00A7CDF6 /* ProfileScreen.swift */; };
		B85E63AD28E0F8F800A7CDF6 /* Test.swift in Sources */ = {isa = PBXBuildFile; fileRef = B85E63AC28E0F8F800A7CDF6 /* Test.swift */; };
		B8751FA528A55AD4009A3B3C /* Counterstike_Quiz_App_2_0__IOS_16_App.swift in Sources */ = {isa = PBXBuildFile; fileRef = B8751FA428A55AD4009A3B3C /* Counterstike_Quiz_App_2_0__IOS_16_App.swift */; };
		B8751FA728A55AD4009A3B3C /* StartScreen.swift in Sources */ = {isa = PBXBuildFile; fileRef = B8751FA628A55AD4009A3B3C /* StartScreen.swift */; };
		B8751FAC28A55AD5009A3B3C /* Preview Assets.xcassets in Resources */ = {isa = PBXBuildFile; fileRef = B8751FAB28A55AD5009A3B3C /* Preview Assets.xcassets */; };
		B892F56728A6DAB40050BDBB /* CreateAccountScreen.swift in Sources */ = {isa = PBXBuildFile; fileRef = B892F56628A6DAB40050BDBB /* CreateAccountScreen.swift */; };
		B892F56928A6E5860050BDBB /* AboutScreen.swift in Sources */ = {isa = PBXBuildFile; fileRef = B892F56828A6E5860050BDBB /* AboutScreen.swift */; };
		B892F56B28A6ED0B0050BDBB /* BugReportScreen.swift in Sources */ = {isa = PBXBuildFile; fileRef = B892F56A28A6ED0B0050BDBB /* BugReportScreen.swift */; };
		B892F56E28A7BC370050BDBB /* ForgotPasswordScreen.swift in Sources */ = {isa = PBXBuildFile; fileRef = B892F56D28A7BC370050BDBB /* ForgotPasswordScreen.swift */; };
		B892F58028A950920050BDBB /* PistolScreen.swift in Sources */ = {isa = PBXBuildFile; fileRef = B892F57F28A950920050BDBB /* PistolScreen.swift */; };
		B892F58228A965F80050BDBB /* HeavyScreen.swift in Sources */ = {isa = PBXBuildFile; fileRef = B892F58128A965F80050BDBB /* HeavyScreen.swift */; };
		B8B8F50D28A9806E00902FD5 /* RifleScreen.swift in Sources */ = {isa = PBXBuildFile; fileRef = B8B8F50C28A9806E00902FD5 /* RifleScreen.swift */; };
		B8FDE0B628A55FB5009E23D6 /* QuizScreen.swift in Sources */ = {isa = PBXBuildFile; fileRef = B8FDE0B528A55FB5009E23D6 /* QuizScreen.swift */; };
		B8FDE0B828A55FE9009E23D6 /* LearnScreen.swift in Sources */ = {isa = PBXBuildFile; fileRef = B8FDE0B728A55FE9009E23D6 /* LearnScreen.swift */; };
		B8FDE0BA28A58CBD009E23D6 /* HomeScreen.swift in Sources */ = {isa = PBXBuildFile; fileRef = B8FDE0B928A58CBD009E23D6 /* HomeScreen.swift */; };
		B8FDE0BC28A5982C009E23D6 /* AccountScreen.swift in Sources */ = {isa = PBXBuildFile; fileRef = B8FDE0BB28A5982C009E23D6 /* AccountScreen.swift */; };
/* End PBXBuildFile section */

/* Begin PBXCopyFilesBuildPhase section */
		B85E63C728E1DF4F00A7CDF6 /* Embed Foundation Extensions */ = {
			isa = PBXCopyFilesBuildPhase;
			buildActionMask = 2147483647;
			dstPath = "";
			dstSubfolderSpec = 13;
			files = (
			);
			name = "Embed Foundation Extensions";
			runOnlyForDeploymentPostprocessing = 0;
		};
/* End PBXCopyFilesBuildPhase section */

/* Begin PBXFileReference section */
		B80B812B28DA066D00110AA1 /* DbConnection.swift */ = {isa = PBXFileReference; lastKnownFileType = sourcecode.swift; path = DbConnection.swift; sourceTree = "<group>"; };
		B80B812D28DA340B00110AA1 /* FriendsScreen.swift */ = {isa = PBXFileReference; lastKnownFileType = sourcecode.swift; path = FriendsScreen.swift; sourceTree = "<group>"; };
		B80B813128DBB46C00110AA1 /* SearchFriendScreen.swift */ = {isa = PBXFileReference; lastKnownFileType = sourcecode.swift; path = SearchFriendScreen.swift; sourceTree = "<group>"; };
		B853969228DC6309000177DA /* YourFriendsScreen.swift */ = {isa = PBXFileReference; lastKnownFileType = sourcecode.swift; path = YourFriendsScreen.swift; sourceTree = "<group>"; };
		B853969628DC6677000177DA /* SwitchAccScreen.swift */ = {isa = PBXFileReference; lastKnownFileType = sourcecode.swift; path = SwitchAccScreen.swift; sourceTree = "<group>"; };
		B853969828DDE154000177DA /* AccHomeScreen.swift */ = {isa = PBXFileReference; lastKnownFileType = sourcecode.swift; path = AccHomeScreen.swift; sourceTree = "<group>"; };
		B853969A28DDEAED000177DA /* AccSettingsScreen.swift */ = {isa = PBXFileReference; lastKnownFileType = sourcecode.swift; path = AccSettingsScreen.swift; sourceTree = "<group>"; };
		B853969E28DE1FEE000177DA /* NetworkMonitor.swift */ = {isa = PBXFileReference; lastKnownFileType = sourcecode.swift; path = NetworkMonitor.swift; sourceTree = "<group>"; };
		B85396A028DE2827000177DA /* NoConnectionScreen.swift */ = {isa = PBXFileReference; lastKnownFileType = sourcecode.swift; path = NoConnectionScreen.swift; sourceTree = "<group>"; };
		B85E63AA28DF824A00A7CDF6 /* ProfileScreen.swift */ = {isa = PBXFileReference; lastKnownFileType = sourcecode.swift; path = ProfileScreen.swift; sourceTree = "<group>"; };
		B85E63AC28E0F8F800A7CDF6 /* Test.swift */ = {isa = PBXFileReference; lastKnownFileType = sourcecode.swift; path = Test.swift; sourceTree = "<group>"; };
		B8751FA128A55AD4009A3B3C /* Counterstike Quiz App 2.0 (IOS-16).app */ = {isa = PBXFileReference; explicitFileType = wrapper.application; includeInIndex = 0; path = "Counterstike Quiz App 2.0 (IOS-16).app"; sourceTree = BUILT_PRODUCTS_DIR; };
		B8751FA428A55AD4009A3B3C /* Counterstike_Quiz_App_2_0__IOS_16_App.swift */ = {isa = PBXFileReference; lastKnownFileType = sourcecode.swift; path = Counterstike_Quiz_App_2_0__IOS_16_App.swift; sourceTree = "<group>"; };
		B8751FA628A55AD4009A3B3C /* StartScreen.swift */ = {isa = PBXFileReference; lastKnownFileType = sourcecode.swift; path = StartScreen.swift; sourceTree = "<group>"; };
		B8751FAB28A55AD5009A3B3C /* Preview Assets.xcassets */ = {isa = PBXFileReference; lastKnownFileType = folder.assetcatalog; path = "Preview Assets.xcassets"; sourceTree = "<group>"; };
		B8751FB428A55B1F009A3B3C /* Assets.xcassets */ = {isa = PBXFileReference; lastKnownFileType = folder.assetcatalog; name = Assets.xcassets; path = "../../Project-Two Counterstrike Quiz App/Project-Two Counterstrike Quiz App/Assets.xcassets"; sourceTree = "<group>"; };
		B892F56628A6DAB40050BDBB /* CreateAccountScreen.swift */ = {isa = PBXFileReference; lastKnownFileType = sourcecode.swift; path = CreateAccountScreen.swift; sourceTree = "<group>"; };
		B892F56828A6E5860050BDBB /* AboutScreen.swift */ = {isa = PBXFileReference; lastKnownFileType = sourcecode.swift; path = AboutScreen.swift; sourceTree = "<group>"; };
		B892F56A28A6ED0B0050BDBB /* BugReportScreen.swift */ = {isa = PBXFileReference; lastKnownFileType = sourcecode.swift; path = BugReportScreen.swift; sourceTree = "<group>"; };
		B892F56D28A7BC370050BDBB /* ForgotPasswordScreen.swift */ = {isa = PBXFileReference; lastKnownFileType = sourcecode.swift; path = ForgotPasswordScreen.swift; sourceTree = "<group>"; };
		B892F57F28A950920050BDBB /* PistolScreen.swift */ = {isa = PBXFileReference; lastKnownFileType = sourcecode.swift; path = PistolScreen.swift; sourceTree = "<group>"; };
		B892F58128A965F80050BDBB /* HeavyScreen.swift */ = {isa = PBXFileReference; lastKnownFileType = sourcecode.swift; path = HeavyScreen.swift; sourceTree = "<group>"; };
		B8B8F50C28A9806E00902FD5 /* RifleScreen.swift */ = {isa = PBXFileReference; lastKnownFileType = sourcecode.swift; path = RifleScreen.swift; sourceTree = "<group>"; };
		B8FDE0B528A55FB5009E23D6 /* QuizScreen.swift */ = {isa = PBXFileReference; lastKnownFileType = sourcecode.swift; path = QuizScreen.swift; sourceTree = "<group>"; };
		B8FDE0B728A55FE9009E23D6 /* LearnScreen.swift */ = {isa = PBXFileReference; lastKnownFileType = sourcecode.swift; path = LearnScreen.swift; sourceTree = "<group>"; };
		B8FDE0B928A58CBD009E23D6 /* HomeScreen.swift */ = {isa = PBXFileReference; lastKnownFileType = sourcecode.swift; path = HomeScreen.swift; sourceTree = "<group>"; };
		B8FDE0BB28A5982C009E23D6 /* AccountScreen.swift */ = {isa = PBXFileReference; lastKnownFileType = sourcecode.swift; path = AccountScreen.swift; sourceTree = "<group>"; };
/* End PBXFileReference section */

/* Begin PBXFrameworksBuildPhase section */
		B8751F9E28A55AD4009A3B3C /* Frameworks */ = {
			isa = PBXFrameworksBuildPhase;
			buildActionMask = 2147483647;
			files = (
			);
			runOnlyForDeploymentPostprocessing = 0;
		};
/* End PBXFrameworksBuildPhase section */

/* Begin PBXGroup section */
		B80B812A28DA064F00110AA1 /* DataBank */ = {
			isa = PBXGroup;
			children = (
				B80B812B28DA066D00110AA1 /* DbConnection.swift */,
				B853969E28DE1FEE000177DA /* NetworkMonitor.swift */,
				B85396A028DE2827000177DA /* NoConnectionScreen.swift */,
			);
			path = DataBank;
			sourceTree = "<group>";
		};
		B853969428DC6555000177DA /* Friends */ = {
			isa = PBXGroup;
			children = (
				B853969228DC6309000177DA /* YourFriendsScreen.swift */,
				B80B813128DBB46C00110AA1 /* SearchFriendScreen.swift */,
				B80B812D28DA340B00110AA1 /* FriendsScreen.swift */,
				B853969828DDE154000177DA /* AccHomeScreen.swift */,
				B853969A28DDEAED000177DA /* AccSettingsScreen.swift */,
			);
			path = Friends;
			sourceTree = "<group>";
		};
		B853969528DC656B000177DA /* Account */ = {
			isa = PBXGroup;
			children = (
				B892F56D28A7BC370050BDBB /* ForgotPasswordScreen.swift */,
				B892F56628A6DAB40050BDBB /* CreateAccountScreen.swift */,
				B8FDE0BB28A5982C009E23D6 /* AccountScreen.swift */,
				B85E63AA28DF824A00A7CDF6 /* ProfileScreen.swift */,
				B85E63AC28E0F8F800A7CDF6 /* Test.swift */,
			);
			path = Account;
			sourceTree = "<group>";
		};
		B8751F9828A55AD4009A3B3C = {
			isa = PBXGroup;
			children = (
				B8751FA328A55AD4009A3B3C /* Counterstike Quiz App 2.0 (IOS-16) */,
				B8751FA228A55AD4009A3B3C /* Products */,
			);
			sourceTree = "<group>";
		};
		B8751FA228A55AD4009A3B3C /* Products */ = {
			isa = PBXGroup;
			children = (
				B8751FA128A55AD4009A3B3C /* Counterstike Quiz App 2.0 (IOS-16).app */,
			);
			name = Products;
			sourceTree = "<group>";
		};
		B8751FA328A55AD4009A3B3C /* Counterstike Quiz App 2.0 (IOS-16) */ = {
			isa = PBXGroup;
			children = (
				B8FDE0B428A55FA0009E23D6 /* Screens */,
				B8751FA428A55AD4009A3B3C /* Counterstike_Quiz_App_2_0__IOS_16_App.swift */,
				B8751FB428A55B1F009A3B3C /* Assets.xcassets */,
				B8751FAA28A55AD5009A3B3C /* Preview Content */,
			);
			path = "Counterstike Quiz App 2.0 (IOS-16)";
			sourceTree = "<group>";
		};
		B8751FAA28A55AD5009A3B3C /* Preview Content */ = {
			isa = PBXGroup;
			children = (
				B8751FAB28A55AD5009A3B3C /* Preview Assets.xcassets */,
			);
			path = "Preview Content";
			sourceTree = "<group>";
		};
		B892F56C28A7BBD90050BDBB /* Login */ = {
			isa = PBXGroup;
			children = (
				B853969528DC656B000177DA /* Account */,
				B853969428DC6555000177DA /* Friends */,
				B853969628DC6677000177DA /* SwitchAccScreen.swift */,
			);
			path = Login;
			sourceTree = "<group>";
		};
		B892F57E28A9506C0050BDBB /* LearnPath */ = {
			isa = PBXGroup;
			children = (
				B8FDE0B728A55FE9009E23D6 /* LearnScreen.swift */,
				B892F57F28A950920050BDBB /* PistolScreen.swift */,
				B892F58128A965F80050BDBB /* HeavyScreen.swift */,
				B8B8F50C28A9806E00902FD5 /* RifleScreen.swift */,
			);
			path = LearnPath;
			sourceTree = "<group>";
		};
		B8FDE0B428A55FA0009E23D6 /* Screens */ = {
			isa = PBXGroup;
			children = (
				B80B812A28DA064F00110AA1 /* DataBank */,
				B892F57E28A9506C0050BDBB /* LearnPath */,
				B892F56C28A7BBD90050BDBB /* Login */,
				B8751FA628A55AD4009A3B3C /* StartScreen.swift */,
				B8FDE0B528A55FB5009E23D6 /* QuizScreen.swift */,
				B8FDE0B928A58CBD009E23D6 /* HomeScreen.swift */,
				B892F56828A6E5860050BDBB /* AboutScreen.swift */,
				B892F56A28A6ED0B0050BDBB /* BugReportScreen.swift */,
			);
			path = Screens;
			sourceTree = "<group>";
		};
/* End PBXGroup section */

/* Begin PBXNativeTarget section */
		B8751FA028A55AD4009A3B3C /* Counterstike Quiz App 2.0 (IOS-16) */ = {
			isa = PBXNativeTarget;
			buildConfigurationList = B8751FAF28A55AD5009A3B3C /* Build configuration list for PBXNativeTarget "Counterstike Quiz App 2.0 (IOS-16)" */;
			buildPhases = (
				B8751F9D28A55AD4009A3B3C /* Sources */,
				B8751F9E28A55AD4009A3B3C /* Frameworks */,
				B8751F9F28A55AD4009A3B3C /* Resources */,
				B85E63C728E1DF4F00A7CDF6 /* Embed Foundation Extensions */,
			);
			buildRules = (
			);
			dependencies = (
			);
			name = "Counterstike Quiz App 2.0 (IOS-16)";
			productName = "Counterstike Quiz App 2.0 (IOS-16)";
			productReference = B8751FA128A55AD4009A3B3C /* Counterstike Quiz App 2.0 (IOS-16).app */;
			productType = "com.apple.product-type.application";
		};
/* End PBXNativeTarget section */

/* Begin PBXProject section */
		B8751F9928A55AD4009A3B3C /* Project object */ = {
			isa = PBXProject;
			attributes = {
				BuildIndependentTargetsInParallel = 1;
				LastSwiftUpdateCheck = 1400;
				LastUpgradeCheck = 1400;
				TargetAttributes = {
					B8751FA028A55AD4009A3B3C = {
						CreatedOnToolsVersion = 14.0;
					};
				};
			};
			buildConfigurationList = B8751F9C28A55AD4009A3B3C /* Build configuration list for PBXProject "Counterstike Quiz App 2.0 (IOS-16)" */;
			compatibilityVersion = "Xcode 14.0";
			developmentRegion = en;
			hasScannedForEncodings = 0;
			knownRegions = (
				en,
				Base,
			);
			mainGroup = B8751F9828A55AD4009A3B3C;
			packageReferences = (
			);
			productRefGroup = B8751FA228A55AD4009A3B3C /* Products */;
			projectDirPath = "";
			projectRoot = "";
			targets = (
				B8751FA028A55AD4009A3B3C /* Counterstike Quiz App 2.0 (IOS-16) */,
			);
		};
/* End PBXProject section */

/* Begin PBXResourcesBuildPhase section */
		B8751F9F28A55AD4009A3B3C /* Resources */ = {
			isa = PBXResourcesBuildPhase;
			buildActionMask = 2147483647;
			files = (
				B8751FAC28A55AD5009A3B3C /* Preview Assets.xcassets in Resources */,
			);
			runOnlyForDeploymentPostprocessing = 0;
		};
/* End PBXResourcesBuildPhase section */

/* Begin PBXSourcesBuildPhase section */
		B8751F9D28A55AD4009A3B3C /* Sources */ = {
			isa = PBXSourcesBuildPhase;
			buildActionMask = 2147483647;
			files = (
				B892F58228A965F80050BDBB /* HeavyScreen.swift in Sources */,
				B80B813228DBB46C00110AA1 /* SearchFriendScreen.swift in Sources */,
				B8751FA728A55AD4009A3B3C /* StartScreen.swift in Sources */,
				B80B812E28DA340C00110AA1 /* FriendsScreen.swift in Sources */,
				B853969728DC6677000177DA /* SwitchAccScreen.swift in Sources */,
				B85E63AD28E0F8F800A7CDF6 /* Test.swift in Sources */,
				B892F56B28A6ED0B0050BDBB /* BugReportScreen.swift in Sources */,
				B8FDE0BA28A58CBD009E23D6 /* HomeScreen.swift in Sources */,
				B853969928DDE154000177DA /* AccHomeScreen.swift in Sources */,
				B8751FA528A55AD4009A3B3C /* Counterstike_Quiz_App_2_0__IOS_16_App.swift in Sources */,
				B80B812C28DA066D00110AA1 /* DbConnection.swift in Sources */,
				B853969F28DE1FEE000177DA /* NetworkMonitor.swift in Sources */,
				B8FDE0BC28A5982C009E23D6 /* AccountScreen.swift in Sources */,
				B892F56928A6E5860050BDBB /* AboutScreen.swift in Sources */,
				B892F56728A6DAB40050BDBB /* CreateAccountScreen.swift in Sources */,
				B853969328DC6309000177DA /* YourFriendsScreen.swift in Sources */,
				B892F56E28A7BC370050BDBB /* ForgotPasswordScreen.swift in Sources */,
				B85396A128DE2827000177DA /* NoConnectionScreen.swift in Sources */,
				B8FDE0B828A55FE9009E23D6 /* LearnScreen.swift in Sources */,
				B8FDE0B628A55FB5009E23D6 /* QuizScreen.swift in Sources */,
				B8B8F50D28A9806E00902FD5 /* RifleScreen.swift in Sources */,
				B85E63AB28DF824A00A7CDF6 /* ProfileScreen.swift in Sources */,
				B853969B28DDEAED000177DA /* AccSettingsScreen.swift in Sources */,
				B892F58028A950920050BDBB /* PistolScreen.swift in Sources */,
			);
			runOnlyForDeploymentPostprocessing = 0;
		};
/* End PBXSourcesBuildPhase section */

/* Begin XCBuildConfiguration section */
		B8751FAD28A55AD5009A3B3C /* Debug */ = {
			isa = XCBuildConfiguration;
			buildSettings = {
				ALWAYS_SEARCH_USER_PATHS = NO;
				CLANG_ANALYZER_NONNULL = YES;
				CLANG_ANALYZER_NUMBER_OBJECT_CONVERSION = YES_AGGRESSIVE;
				CLANG_CXX_LANGUAGE_STANDARD = "gnu++20";
				CLANG_ENABLE_MODULES = YES;
				CLANG_ENABLE_OBJC_ARC = YES;
				CLANG_ENABLE_OBJC_WEAK = YES;
				CLANG_WARN_BLOCK_CAPTURE_AUTORELEASING = YES;
				CLANG_WARN_BOOL_CONVERSION = YES;
				CLANG_WARN_COMMA = YES;
				CLANG_WARN_CONSTANT_CONVERSION = YES;
				CLANG_WARN_DEPRECATED_OBJC_IMPLEMENTATIONS = YES;
				CLANG_WARN_DIRECT_OBJC_ISA_USAGE = YES_ERROR;
				CLANG_WARN_DOCUMENTATION_COMMENTS = YES;
				CLANG_WARN_EMPTY_BODY = YES;
				CLANG_WARN_ENUM_CONVERSION = YES;
				CLANG_WARN_INFINITE_RECURSION = YES;
				CLANG_WARN_INT_CONVERSION = YES;
				CLANG_WARN_NON_LITERAL_NULL_CONVERSION = YES;
				CLANG_WARN_OBJC_IMPLICIT_RETAIN_SELF = YES;
				CLANG_WARN_OBJC_LITERAL_CONVERSION = YES;
				CLANG_WARN_OBJC_ROOT_CLASS = YES_ERROR;
				CLANG_WARN_QUOTED_INCLUDE_IN_FRAMEWORK_HEADER = YES;
				CLANG_WARN_RANGE_LOOP_ANALYSIS = YES;
				CLANG_WARN_STRICT_PROTOTYPES = YES;
				CLANG_WARN_SUSPICIOUS_MOVE = YES;
				CLANG_WARN_UNGUARDED_AVAILABILITY = YES_AGGRESSIVE;
				CLANG_WARN_UNREACHABLE_CODE = YES;
				CLANG_WARN__DUPLICATE_METHOD_MATCH = YES;
				COPY_PHASE_STRIP = NO;
				DEBUG_INFORMATION_FORMAT = dwarf;
				ENABLE_STRICT_OBJC_MSGSEND = YES;
				ENABLE_TESTABILITY = YES;
				GCC_C_LANGUAGE_STANDARD = gnu11;
				GCC_DYNAMIC_NO_PIC = NO;
				GCC_NO_COMMON_BLOCKS = YES;
				GCC_OPTIMIZATION_LEVEL = 0;
				GCC_PREPROCESSOR_DEFINITIONS = (
					"DEBUG=1",
					"$(inherited)",
				);
				GCC_WARN_64_TO_32_BIT_CONVERSION = YES;
				GCC_WARN_ABOUT_RETURN_TYPE = YES_ERROR;
				GCC_WARN_UNDECLARED_SELECTOR = YES;
				GCC_WARN_UNINITIALIZED_AUTOS = YES_AGGRESSIVE;
				GCC_WARN_UNUSED_FUNCTION = YES;
				GCC_WARN_UNUSED_VARIABLE = YES;
				IPHONEOS_DEPLOYMENT_TARGET = 16.0;
				MTL_ENABLE_DEBUG_INFO = INCLUDE_SOURCE;
				MTL_FAST_MATH = YES;
				ONLY_ACTIVE_ARCH = YES;
				SDKROOT = iphoneos;
				SWIFT_ACTIVE_COMPILATION_CONDITIONS = DEBUG;
				SWIFT_OPTIMIZATION_LEVEL = "-Onone";
			};
			name = Debug;
		};
		B8751FAE28A55AD5009A3B3C /* Release */ = {
			isa = XCBuildConfiguration;
			buildSettings = {
				ALWAYS_SEARCH_USER_PATHS = NO;
				CLANG_ANALYZER_NONNULL = YES;
				CLANG_ANALYZER_NUMBER_OBJECT_CONVERSION = YES_AGGRESSIVE;
				CLANG_CXX_LANGUAGE_STANDARD = "gnu++20";
				CLANG_ENABLE_MODULES = YES;
				CLANG_ENABLE_OBJC_ARC = YES;
				CLANG_ENABLE_OBJC_WEAK = YES;
				CLANG_WARN_BLOCK_CAPTURE_AUTORELEASING = YES;
				CLANG_WARN_BOOL_CONVERSION = YES;
				CLANG_WARN_COMMA = YES;
				CLANG_WARN_CONSTANT_CONVERSION = YES;
				CLANG_WARN_DEPRECATED_OBJC_IMPLEMENTATIONS = YES;
				CLANG_WARN_DIRECT_OBJC_ISA_USAGE = YES_ERROR;
				CLANG_WARN_DOCUMENTATION_COMMENTS = YES;
				CLANG_WARN_EMPTY_BODY = YES;
				CLANG_WARN_ENUM_CONVERSION = YES;
				CLANG_WARN_INFINITE_RECURSION = YES;
				CLANG_WARN_INT_CONVERSION = YES;
				CLANG_WARN_NON_LITERAL_NULL_CONVERSION = YES;
				CLANG_WARN_OBJC_IMPLICIT_RETAIN_SELF = YES;
				CLANG_WARN_OBJC_LITERAL_CONVERSION = YES;
				CLANG_WARN_OBJC_ROOT_CLASS = YES_ERROR;
				CLANG_WARN_QUOTED_INCLUDE_IN_FRAMEWORK_HEADER = YES;
				CLANG_WARN_RANGE_LOOP_ANALYSIS = YES;
				CLANG_WARN_STRICT_PROTOTYPES = YES;
				CLANG_WARN_SUSPICIOUS_MOVE = YES;
				CLANG_WARN_UNGUARDED_AVAILABILITY = YES_AGGRESSIVE;
				CLANG_WARN_UNREACHABLE_CODE = YES;
				CLANG_WARN__DUPLICATE_METHOD_MATCH = YES;
				COPY_PHASE_STRIP = NO;
				DEBUG_INFORMATION_FORMAT = "dwarf-with-dsym";
				ENABLE_NS_ASSERTIONS = NO;
				ENABLE_STRICT_OBJC_MSGSEND = YES;
				GCC_C_LANGUAGE_STANDARD = gnu11;
				GCC_NO_COMMON_BLOCKS = YES;
				GCC_WARN_64_TO_32_BIT_CONVERSION = YES;
				GCC_WARN_ABOUT_RETURN_TYPE = YES_ERROR;
				GCC_WARN_UNDECLARED_SELECTOR = YES;
				GCC_WARN_UNINITIALIZED_AUTOS = YES_AGGRESSIVE;
				GCC_WARN_UNUSED_FUNCTION = YES;
				GCC_WARN_UNUSED_VARIABLE = YES;
				IPHONEOS_DEPLOYMENT_TARGET = 16.0;
				MTL_ENABLE_DEBUG_INFO = NO;
				MTL_FAST_MATH = YES;
				SDKROOT = iphoneos;
				SWIFT_COMPILATION_MODE = wholemodule;
				SWIFT_OPTIMIZATION_LEVEL = "-O";
				VALIDATE_PRODUCT = YES;
			};
			name = Release;
		};
		B8751FB028A55AD5009A3B3C /* Debug */ = {
			isa = XCBuildConfiguration;
			buildSettings = {
				ALWAYS_EMBED_SWIFT_STANDARD_LIBRARIES = YES;
				ASSETCATALOG_COMPILER_APPICON_NAME = AppIcon;
				ASSETCATALOG_COMPILER_GLOBAL_ACCENT_COLOR_NAME = AccentColor;
				CODE_SIGN_STYLE = Automatic;
				CURRENT_PROJECT_VERSION = 1;
				DEVELOPMENT_ASSET_PATHS = "\"Counterstike Quiz App 2.0 (IOS-16)/Preview Content\"";
				DEVELOPMENT_TEAM = W3GH3TAN63;
				ENABLE_PREVIEWS = YES;
				GENERATE_INFOPLIST_FILE = YES;
				INFOPLIST_FILE = "Counterstike-Quiz-App-2-0--IOS-16--Info.plist";
				INFOPLIST_KEY_LSApplicationCategoryType = "public.app-category.games";
				INFOPLIST_KEY_UIApplicationSceneManifest_Generation = YES;
				INFOPLIST_KEY_UIApplicationSupportsIndirectInputEvents = YES;
				INFOPLIST_KEY_UISupportedInterfaceOrientations_iPad = "UIInterfaceOrientationPortrait UIInterfaceOrientationPortraitUpsideDown UIInterfaceOrientationLandscapeLeft UIInterfaceOrientationLandscapeRight";
				INFOPLIST_KEY_UISupportedInterfaceOrientations_iPhone = "UIInterfaceOrientationPortrait UIInterfaceOrientationLandscapeLeft UIInterfaceOrientationLandscapeRight";
				LD_RUNPATH_SEARCH_PATHS = (
					"$(inherited)",
					"@executable_path/Frameworks",
				);
				MARKETING_VERSION = 1.0;
				PRODUCT_BUNDLE_IDENTIFIER = "com.theonlyPaul.Counterstike-Quiz-App-2-0--IOS-16-";
				PRODUCT_NAME = "$(TARGET_NAME)";
				SWIFT_EMIT_LOC_STRINGS = YES;
				SWIFT_VERSION = 5.0;
				TARGETED_DEVICE_FAMILY = "1,2";
			};
			name = Debug;
		};
		B8751FB128A55AD5009A3B3C /* Release */ = {
			isa = XCBuildConfiguration;
			buildSettings = {
				ALWAYS_EMBED_SWIFT_STANDARD_LIBRARIES = YES;
				ASSETCATALOG_COMPILER_APPICON_NAME = AppIcon;
				ASSETCATALOG_COMPILER_GLOBAL_ACCENT_COLOR_NAME = AccentColor;
				CODE_SIGN_STYLE = Automatic;
				CURRENT_PROJECT_VERSION = 1;
				DEVELOPMENT_ASSET_PATHS = "\"Counterstike Quiz App 2.0 (IOS-16)/Preview Content\"";
				DEVELOPMENT_TEAM = W3GH3TAN63;
				ENABLE_PREVIEWS = YES;
				GENERATE_INFOPLIST_FILE = YES;
				INFOPLIST_FILE = "Counterstike-Quiz-App-2-0--IOS-16--Info.plist";
				INFOPLIST_KEY_LSApplicationCategoryType = "public.app-category.games";
				INFOPLIST_KEY_UIApplicationSceneManifest_Generation = YES;
				INFOPLIST_KEY_UIApplicationSupportsIndirectInputEvents = YES;
				INFOPLIST_KEY_UISupportedInterfaceOrientations_iPad = "UIInterfaceOrientationPortrait UIInterfaceOrientationPortraitUpsideDown UIInterfaceOrientationLandscapeLeft UIInterfaceOrientationLandscapeRight";
				INFOPLIST_KEY_UISupportedInterfaceOrientations_iPhone = "UIInterfaceOrientationPortrait UIInterfaceOrientationLandscapeLeft UIInterfaceOrientationLandscapeRight";
				LD_RUNPATH_SEARCH_PATHS = (
					"$(inherited)",
					"@executable_path/Frameworks",
				);
				MARKETING_VERSION = 1.0;
				PRODUCT_BUNDLE_IDENTIFIER = "com.theonlyPaul.Counterstike-Quiz-App-2-0--IOS-16-";
				PRODUCT_NAME = "$(TARGET_NAME)";
				SWIFT_EMIT_LOC_STRINGS = YES;
				SWIFT_VERSION = 5.0;
				TARGETED_DEVICE_FAMILY = "1,2";
			};
			name = Release;
		};
/* End XCBuildConfiguration section */

/* Begin XCConfigurationList section */
		B8751F9C28A55AD4009A3B3C /* Build configuration list for PBXProject "Counterstike Quiz App 2.0 (IOS-16)" */ = {
			isa = XCConfigurationList;
			buildConfigurations = (
				B8751FAD28A55AD5009A3B3C /* Debug */,
				B8751FAE28A55AD5009A3B3C /* Release */,
			);
			defaultConfigurationIsVisible = 0;
			defaultConfigurationName = Release;
		};
		B8751FAF28A55AD5009A3B3C /* Build configuration list for PBXNativeTarget "Counterstike Quiz App 2.0 (IOS-16)" */ = {
			isa = XCConfigurationList;
			buildConfigurations = (
				B8751FB028A55AD5009A3B3C /* Debug */,
				B8751FB128A55AD5009A3B3C /* Release */,
			);
			defaultConfigurationIsVisible = 0;
			defaultConfigurationName = Release;
		};
/* End XCConfigurationList section */
	};
	rootObject = B8751F9928A55AD4009A3B3C /* Project object */;
}
